
Microsoft Visual Studio Solution File, Format Version 12.00
# Visual Studio Version 17
VisualStudioVersion = 17.0.31717.71
MinimumVisualStudioVersion = 10.0.40219.1
Project("{FAE04EC0-301F-11D3-BF4B-00C04F79EFBC}") = "ParkingChargeCalculatorConsole", "ParkingChargeCalculatorConsole\ParkingChargeCalculatorConsole.csproj", "{130E92FF-ABCA-459D-86C5-0C92F34D077C}"
	ProjectSection(ProjectDependencies) = postProject
		{1A92F693-FC1D-4F86-BA63-4E5BA2EFA30D} = {1A92F693-FC1D-4F86-BA63-4E5BA2EFA30D}
	EndProjectSection
EndProject
Project("{FAE04EC0-301F-11D3-BF4B-00C04F79EFBC}") = "ParkingChargeCalculator", "ParkingChargeCalculator\ParkingChargeCalculator.csproj", "{1A92F693-FC1D-4F86-BA63-4E5BA2EFA30D}"
EndProject
Global
	GlobalSection(SolutionConfigurationPlatforms) = preSolution
		Debug|Any CPU = Debug|Any CPU
		Release|Any CPU = Release|Any CPU
	EndGlobalSection
	GlobalSection(ProjectConfigurationPlatforms) = postSolution
		{130E92FF-ABCA-459D-86C5-0C92F34D077C}.Debug|Any CPU.ActiveCfg = Debug|Any CPU
		{130E92FF-ABCA-459D-86C5-0C92F34D077C}.Debug|Any CPU.Build.0 = Debug|Any CPU
		{130E92FF-ABCA-459D-86C5-0C92F34D077C}.Release|Any CPU.ActiveCfg = Release|Any CPU
		{130E92FF-ABCA-459D-86C5-0C92F34D077C}.Release|Any CPU.Build.0 = Release|Any CPU
		{1A92F693-FC1D-4F86-BA63-4E5BA2EFA30D}.Debug|Any CPU.ActiveCfg = Debug|Any CPU
		{1A92F693-FC1D-4F86-BA63-4E5BA2EFA30D}.Debug|Any CPU.Build.0 = Debug|Any CPU
		{1A92F693-FC1D-4F86-BA63-4E5BA2EFA30D}.Release|Any CPU.ActiveCfg = Release|Any CPU
		{1A92F693-FC1D-4F86-BA63-4E5BA2EFA30D}.Release|Any CPU.Build.0 = Release|Any CPU
	EndGlobalSection
	GlobalSection(SolutionProperties) = preSolution
		HideSolutionNode = FALSE
	EndGlobalSection
	GlobalSection(ExtensibilityGlobals) = postSolution
		SolutionGuid = {6CBEE77A-0697-4D3C-B663-AF1C600CB93D}
	EndGlobalSection
EndGlobal
